
Microsoft Visual Studio Solution File, Format Version 12.00
# Visual Studio Version 17
VisualStudioVersion = 17.8.34525.116
MinimumVisualStudioVersion = 10.0.40219.1
Project("{FAE04EC0-301F-11D3-BF4B-00C04F79EFBC}") = "CapaEntidades", "CapaEntidades\CapaEntidades.csproj", "{303DE622-A9ED-469E-966C-DE472F25405E}"
EndProject
Project("{FAE04EC0-301F-11D3-BF4B-00C04F79EFBC}") = "CapaDatos", "CapaDatos\CapaDatos.csproj", "{65B15FC9-4169-4C76-9C61-9347F63E057C}"
EndProject
Project("{FAE04EC0-301F-11D3-BF4B-00C04F79EFBC}") = "CapaVista", "CapaVista\CapaVista.csproj", "{1D70BC7F-8E93-434F-877F-6DB9E7F1E365}"
EndProject
Project("{FAE04EC0-301F-11D3-BF4B-00C04F79EFBC}") = "CapaLogica", "Capa Logica\CapaLogica.csproj", "{667DC436-EB72-4BBD-86AE-B31885EF3258}"
EndProject
Global
	GlobalSection(SolutionConfigurationPlatforms) = preSolution
		Debug|Any CPU = Debug|Any CPU
		Release|Any CPU = Release|Any CPU
	EndGlobalSection
	GlobalSection(ProjectConfigurationPlatforms) = postSolution
		{303DE622-A9ED-469E-966C-DE472F25405E}.Debug|Any CPU.ActiveCfg = Debug|Any CPU
		{303DE622-A9ED-469E-966C-DE472F25405E}.Debug|Any CPU.Build.0 = Debug|Any CPU
		{303DE622-A9ED-469E-966C-DE472F25405E}.Release|Any CPU.ActiveCfg = Release|Any CPU
		{303DE622-A9ED-469E-966C-DE472F25405E}.Release|Any CPU.Build.0 = Release|Any CPU
		{65B15FC9-4169-4C76-9C61-9347F63E057C}.Debug|Any CPU.ActiveCfg = Debug|Any CPU
		{65B15FC9-4169-4C76-9C61-9347F63E057C}.Debug|Any CPU.Build.0 = Debug|Any CPU
		{65B15FC9-4169-4C76-9C61-9347F63E057C}.Release|Any CPU.ActiveCfg = Release|Any CPU
		{65B15FC9-4169-4C76-9C61-9347F63E057C}.Release|Any CPU.Build.0 = Release|Any CPU
		{1D70BC7F-8E93-434F-877F-6DB9E7F1E365}.Debug|Any CPU.ActiveCfg = Debug|Any CPU
		{1D70BC7F-8E93-434F-877F-6DB9E7F1E365}.Debug|Any CPU.Build.0 = Debug|Any CPU
		{1D70BC7F-8E93-434F-877F-6DB9E7F1E365}.Release|Any CPU.ActiveCfg = Release|Any CPU
		{1D70BC7F-8E93-434F-877F-6DB9E7F1E365}.Release|Any CPU.Build.0 = Release|Any CPU
		{667DC436-EB72-4BBD-86AE-B31885EF3258}.Debug|Any CPU.ActiveCfg = Debug|Any CPU
		{667DC436-EB72-4BBD-86AE-B31885EF3258}.Debug|Any CPU.Build.0 = Debug|Any CPU
		{667DC436-EB72-4BBD-86AE-B31885EF3258}.Release|Any CPU.ActiveCfg = Release|Any CPU
		{667DC436-EB72-4BBD-86AE-B31885EF3258}.Release|Any CPU.Build.0 = Release|Any CPU
	EndGlobalSection
	GlobalSection(SolutionProperties) = preSolution
		HideSolutionNode = FALSE
	EndGlobalSection
	GlobalSection(ExtensibilityGlobals) = postSolution
		SolutionGuid = {6867ED1B-06AC-4F93-8BB8-872F02B01FA0}
	EndGlobalSection
EndGlobal
